// !$*UTF8*$!
{
	archiveVersion = 1;
	classes = {
	};
	objectVersion = 50;
	objects = {

/* Begin PBXBuildFile section */
		FA02556625F66B9F00AC6671 /* AppDelegate.swift in Sources */ = {isa = PBXBuildFile; fileRef = FA02556525F66B9F00AC6671 /* AppDelegate.swift */; };
		FA02556825F66B9F00AC6671 /* SceneDelegate.swift in Sources */ = {isa = PBXBuildFile; fileRef = FA02556725F66B9F00AC6671 /* SceneDelegate.swift */; };
		FA02556A25F66B9F00AC6671 /* ViewController.swift in Sources */ = {isa = PBXBuildFile; fileRef = FA02556925F66B9F00AC6671 /* ViewController.swift */; };
		FA02556D25F66B9F00AC6671 /* Main.storyboard in Resources */ = {isa = PBXBuildFile; fileRef = FA02556B25F66B9F00AC6671 /* Main.storyboard */; };
		FA02556F25F66BA500AC6671 /* Assets.xcassets in Resources */ = {isa = PBXBuildFile; fileRef = FA02556E25F66BA500AC6671 /* Assets.xcassets */; };
		FA02557225F66BA500AC6671 /* LaunchScreen.storyboard in Resources */ = {isa = PBXBuildFile; fileRef = FA02557025F66BA500AC6671 /* LaunchScreen.storyboard */; };
		FA02558225F66CDC00AC6671 /* JsonParsing.swift in Sources */ = {isa = PBXBuildFile; fileRef = FA02558125F66CDC00AC6671 /* JsonParsing.swift */; };
		FA02558525F66D0700AC6671 /* ViewModel.swift in Sources */ = {isa = PBXBuildFile; fileRef = FA02558425F66D0700AC6671 /* ViewModel.swift */; };
		FA02558825F66D1A00AC6671 /* Model.swift in Sources */ = {isa = PBXBuildFile; fileRef = FA02558725F66D1A00AC6671 /* Model.swift */; };
		FA02558B25F66D2E00AC6671 /* Supporter.swift in Sources */ = {isa = PBXBuildFile; fileRef = FA02558A25F66D2E00AC6671 /* Supporter.swift */; };
/* End PBXBuildFile section */

/* Begin PBXFileReference section */
		FA02556225F66B9E00AC6671 /* Shopping List Project.app */ = {isa = PBXFileReference; explicitFileType = wrapper.application; includeInIndex = 0; path = "Shopping List Project.app"; sourceTree = BUILT_PRODUCTS_DIR; };
		FA02556525F66B9F00AC6671 /* AppDelegate.swift */ = {isa = PBXFileReference; lastKnownFileType = sourcecode.swift; path = AppDelegate.swift; sourceTree = "<group>"; };
		FA02556725F66B9F00AC6671 /* SceneDelegate.swift */ = {isa = PBXFileReference; lastKnownFileType = sourcecode.swift; path = SceneDelegate.swift; sourceTree = "<group>"; };
		FA02556925F66B9F00AC6671 /* ViewController.swift */ = {isa = PBXFileReference; lastKnownFileType = sourcecode.swift; path = ViewController.swift; sourceTree = "<group>"; };
		FA02556C25F66B9F00AC6671 /* Base */ = {isa = PBXFileReference; lastKnownFileType = file.storyboard; name = Base; path = Base.lproj/Main.storyboard; sourceTree = "<group>"; };
		FA02556E25F66BA500AC6671 /* Assets.xcassets */ = {isa = PBXFileReference; lastKnownFileType = folder.assetcatalog; path = Assets.xcassets; sourceTree = "<group>"; };
		FA02557125F66BA500AC6671 /* Base */ = {isa = PBXFileReference; lastKnownFileType = file.storyboard; name = Base; path = Base.lproj/LaunchScreen.storyboard; sourceTree = "<group>"; };
		FA02557325F66BA500AC6671 /* Info.plist */ = {isa = PBXFileReference; lastKnownFileType = text.plist.xml; path = Info.plist; sourceTree = "<group>"; };
		FA02558125F66CDC00AC6671 /* JsonParsing.swift */ = {isa = PBXFileReference; lastKnownFileType = sourcecode.swift; path = JsonParsing.swift; sourceTree = "<group>"; };
		FA02558425F66D0700AC6671 /* ViewModel.swift */ = {isa = PBXFileReference; lastKnownFileType = sourcecode.swift; path = ViewModel.swift; sourceTree = "<group>"; };
		FA02558725F66D1A00AC6671 /* Model.swift */ = {isa = PBXFileReference; lastKnownFileType = sourcecode.swift; path = Model.swift; sourceTree = "<group>"; };
		FA02558A25F66D2E00AC6671 /* Supporter.swift */ = {isa = PBXFileReference; lastKnownFileType = sourcecode.swift; path = Supporter.swift; sourceTree = "<group>"; };
/* End PBXFileReference section */

/* Begin PBXFrameworksBuildPhase section */
		FA02555F25F66B9E00AC6671 /* Frameworks */ = {
			isa = PBXFrameworksBuildPhase;
			buildActionMask = 2147483647;
			files = (
			);
			runOnlyForDeploymentPostprocessing = 0;
		};
/* End PBXFrameworksBuildPhase section */

/* Begin PBXGroup section */
		FA02555925F66B9E00AC6671 = {
			isa = PBXGroup;
			children = (
				FA02556425F66B9E00AC6671 /* Shopping List Project */,
				FA02556325F66B9E00AC6671 /* Products */,
			);
			sourceTree = "<group>";
		};
		FA02556325F66B9E00AC6671 /* Products */ = {
			isa = PBXGroup;
			children = (
				FA02556225F66B9E00AC6671 /* Shopping List Project.app */,
			);
			name = Products;
			sourceTree = "<group>";
		};
		FA02556425F66B9E00AC6671 /* Shopping List Project */ = {
			isa = PBXGroup;
			children = (
				FA02556525F66B9F00AC6671 /* AppDelegate.swift */,
				FA02556725F66B9F00AC6671 /* SceneDelegate.swift */,
				FA02558025F66C1100AC6671 /* Supporter */,
				FA02557F25F66BC600AC6671 /* Model */,
				FA02557E25F66BC200AC6671 /* ViewModel */,
				FA02557D25F66BBE00AC6671 /* ViewController */,
				FA02557B25F66BB900AC6671 /* View */,
				FA02557A25F66BB300AC6671 /* worker */,
				FA02556E25F66BA500AC6671 /* Assets.xcassets */,
				FA02557025F66BA500AC6671 /* LaunchScreen.storyboard */,
				FA02557325F66BA500AC6671 /* Info.plist */,
			);
			path = "Shopping List Project";
			sourceTree = "<group>";
		};
		FA02557A25F66BB300AC6671 /* worker */ = {
			isa = PBXGroup;
			children = (
				FA02558125F66CDC00AC6671 /* JsonParsing.swift */,
			);
			path = worker;
			sourceTree = "<group>";
		};
		FA02557B25F66BB900AC6671 /* View */ = {
			isa = PBXGroup;
			children = (
				FA02556B25F66B9F00AC6671 /* Main.storyboard */,
			);
			path = View;
			sourceTree = "<group>";
		};
		FA02557D25F66BBE00AC6671 /* ViewController */ = {
			isa = PBXGroup;
			children = (
				FA02556925F66B9F00AC6671 /* ViewController.swift */,
			);
			path = ViewController;
			sourceTree = "<group>";
		};
		FA02557E25F66BC200AC6671 /* ViewModel */ = {
			isa = PBXGroup;
			children = (
				FA02558425F66D0700AC6671 /* ViewModel.swift */,
			);
			path = ViewModel;
			sourceTree = "<group>";
		};
		FA02557F25F66BC600AC6671 /* Model */ = {
			isa = PBXGroup;
			children = (
				FA02558725F66D1A00AC6671 /* Model.swift */,
			);
			path = Model;
			sourceTree = "<group>";
		};
		FA02558025F66C1100AC6671 /* Supporter */ = {
			isa = PBXGroup;
			children = (
				FA02558A25F66D2E00AC6671 /* Supporter.swift */,
			);
			path = Supporter;
			sourceTree = "<group>";
		};
/* End PBXGroup section */

/* Begin PBXNativeTarget section */
		FA02556125F66B9E00AC6671 /* Shopping List Project */ = {
			isa = PBXNativeTarget;
			buildConfigurationList = FA02557625F66BA500AC6671 /* Build configuration list for PBXNativeTarget "Shopping List Project" */;
			buildPhases = (
				FA02555E25F66B9E00AC6671 /* Sources */,
				FA02555F25F66B9E00AC6671 /* Frameworks */,
				FA02556025F66B9E00AC6671 /* Resources */,
			);
			buildRules = (
			);
			dependencies = (
			);
			name = "Shopping List Project";
			productName = "Shopping List Project";
			productReference = FA02556225F66B9E00AC6671 /* Shopping List Project.app */;
			productType = "com.apple.product-type.application";
		};
/* End PBXNativeTarget section */

/* Begin PBXProject section */
		FA02555A25F66B9E00AC6671 /* Project object */ = {
			isa = PBXProject;
			attributes = {
				LastSwiftUpdateCheck = 1240;
				LastUpgradeCheck = 1240;
				TargetAttributes = {
					FA02556125F66B9E00AC6671 = {
						CreatedOnToolsVersion = 12.4;
					};
				};
			};
			buildConfigurationList = FA02555D25F66B9E00AC6671 /* Build configuration list for PBXProject "Shopping List Project" */;
			compatibilityVersion = "Xcode 9.3";
			developmentRegion = en;
			hasScannedForEncodings = 0;
			knownRegions = (
				en,
				Base,
			);
			mainGroup = FA02555925F66B9E00AC6671;
			productRefGroup = FA02556325F66B9E00AC6671 /* Products */;
			projectDirPath = "";
			projectRoot = "";
			targets = (
				FA02556125F66B9E00AC6671 /* Shopping List Project */,
			);
		};
/* End PBXProject section */

/* Begin PBXResourcesBuildPhase section */
		FA02556025F66B9E00AC6671 /* Resources */ = {
			isa = PBXResourcesBuildPhase;
			buildActionMask = 2147483647;
			files = (
				FA02557225F66BA500AC6671 /* LaunchScreen.storyboard in Resources */,
				FA02556F25F66BA500AC6671 /* Assets.xcassets in Resources */,
				FA02556D25F66B9F00AC6671 /* Main.storyboard in Resources */,
			);
			runOnlyForDeploymentPostprocessing = 0;
		};
/* End PBXResourcesBuildPhase section */

/* Begin PBXSourcesBuildPhase section */
		FA02555E25F66B9E00AC6671 /* Sources */ = {
			isa = PBXSourcesBuildPhase;
			buildActionMask = 2147483647;
			files = (
				FA02558525F66D0700AC6671 /* ViewModel.swift in Sources */,
				FA02558B25F66D2E00AC6671 /* Supporter.swift in Sources */,
				FA02556A25F66B9F00AC6671 /* ViewController.swift in Sources */,
				FA02556625F66B9F00AC6671 /* AppDelegate.swift in Sources */,
				FA02558825F66D1A00AC6671 /* Model.swift in Sources */,
				FA02558225F66CDC00AC6671 /* JsonParsing.swift in Sources */,
				FA02556825F66B9F00AC6671 /* SceneDelegate.swift in Sources */,
			);
			runOnlyForDeploymentPostprocessing = 0;
		};
/* End PBXSourcesBuildPhase section */

/* Begin PBXVariantGroup section */
		FA02556B25F66B9F00AC6671 /* Main.storyboard */ = {
			isa = PBXVariantGroup;
			children = (
				FA02556C25F66B9F00AC6671 /* Base */,
			);
			name = Main.storyboard;
			sourceTree = "<group>";
		};
		FA02557025F66BA500AC6671 /* LaunchScreen.storyboard */ = {
			isa = PBXVariantGroup;
			children = (
				FA02557125F66BA500AC6671 /* Base */,
			);
			name = LaunchScreen.storyboard;
			sourceTree = "<group>";
		};
/* End PBXVariantGroup section */

/* Begin XCBuildConfiguration section */
		FA02557425F66BA500AC6671 /* Debug */ = {
			isa = XCBuildConfiguration;
			buildSettings = {
				ALWAYS_SEARCH_USER_PATHS = NO;
				CLANG_ANALYZER_NONNULL = YES;
				CLANG_ANALYZER_NUMBER_OBJECT_CONVERSION = YES_AGGRESSIVE;
				CLANG_CXX_LANGUAGE_STANDARD = "gnu++14";
				CLANG_CXX_LIBRARY = "libc++";
				CLANG_ENABLE_MODULES = YES;
				CLANG_ENABLE_OBJC_ARC = YES;
				CLANG_ENABLE_OBJC_WEAK = YES;
				CLANG_WARN_BLOCK_CAPTURE_AUTORELEASING = YES;
				CLANG_WARN_BOOL_CONVERSION = YES;
				CLANG_WARN_COMMA = YES;
				CLANG_WARN_CONSTANT_CONVERSION = YES;
				CLANG_WARN_DEPRECATED_OBJC_IMPLEMENTATIONS = YES;
				CLANG_WARN_DIRECT_OBJC_ISA_USAGE = YES_ERROR;
				CLANG_WARN_DOCUMENTATION_COMMENTS = YES;
				CLANG_WARN_EMPTY_BODY = YES;
				CLANG_WARN_ENUM_CONVERSION = YES;
				CLANG_WARN_INFINITE_RECURSION = YES;
				CLANG_WARN_INT_CONVERSION = YES;
				CLANG_WARN_NON_LITERAL_NULL_CONVERSION = YES;
				CLANG_WARN_OBJC_IMPLICIT_RETAIN_SELF = YES;
				CLANG_WARN_OBJC_LITERAL_CONVERSION = YES;
				CLANG_WARN_OBJC_ROOT_CLASS = YES_ERROR;
				CLANG_WARN_QUOTED_INCLUDE_IN_FRAMEWORK_HEADER = YES;
				CLANG_WARN_RANGE_LOOP_ANALYSIS = YES;
				CLANG_WARN_STRICT_PROTOTYPES = YES;
				CLANG_WARN_SUSPICIOUS_MOVE = YES;
				CLANG_WARN_UNGUARDED_AVAILABILITY = YES_AGGRESSIVE;
				CLANG_WARN_UNREACHABLE_CODE = YES;
				CLANG_WARN__DUPLICATE_METHOD_MATCH = YES;
				COPY_PHASE_STRIP = NO;
				DEBUG_INFORMATION_FORMAT = dwarf;
				ENABLE_STRICT_OBJC_MSGSEND = YES;
				ENABLE_TESTABILITY = YES;
				GCC_C_LANGUAGE_STANDARD = gnu11;
				GCC_DYNAMIC_NO_PIC = NO;
				GCC_NO_COMMON_BLOCKS = YES;
				GCC_OPTIMIZATION_LEVEL = 0;
				GCC_PREPROCESSOR_DEFINITIONS = (
					"DEBUG=1",
					"$(inherited)",
				);
				GCC_WARN_64_TO_32_BIT_CONVERSION = YES;
				GCC_WARN_ABOUT_RETURN_TYPE = YES_ERROR;
				GCC_WARN_UNDECLARED_SELECTOR = YES;
				GCC_WARN_UNINITIALIZED_AUTOS = YES_AGGRESSIVE;
				GCC_WARN_UNUSED_FUNCTION = YES;
				GCC_WARN_UNUSED_VARIABLE = YES;
				IPHONEOS_DEPLOYMENT_TARGET = 14.4;
				MTL_ENABLE_DEBUG_INFO = INCLUDE_SOURCE;
				MTL_FAST_MATH = YES;
				ONLY_ACTIVE_ARCH = YES;
				SDKROOT = iphoneos;
				SWIFT_ACTIVE_COMPILATION_CONDITIONS = DEBUG;
				SWIFT_OPTIMIZATION_LEVEL = "-Onone";
			};
			name = Debug;
		};
		FA02557525F66BA500AC6671 /* Release */ = {
			isa = XCBuildConfiguration;
			buildSettings = {
				ALWAYS_SEARCH_USER_PATHS = NO;
				CLANG_ANALYZER_NONNULL = YES;
				CLANG_ANALYZER_NUMBER_OBJECT_CONVERSION = YES_AGGRESSIVE;
				CLANG_CXX_LANGUAGE_STANDARD = "gnu++14";
				CLANG_CXX_LIBRARY = "libc++";
				CLANG_ENABLE_MODULES = YES;
				CLANG_ENABLE_OBJC_ARC = YES;
				CLANG_ENABLE_OBJC_WEAK = YES;
				CLANG_WARN_BLOCK_CAPTURE_AUTORELEASING = YES;
				CLANG_WARN_BOOL_CONVERSION = YES;
				CLANG_WARN_COMMA = YES;
				CLANG_WARN_CONSTANT_CONVERSION = YES;
				CLANG_WARN_DEPRECATED_OBJC_IMPLEMENTATIONS = YES;
				CLANG_WARN_DIRECT_OBJC_ISA_USAGE = YES_ERROR;
				CLANG_WARN_DOCUMENTATION_COMMENTS = YES;
				CLANG_WARN_EMPTY_BODY = YES;
				CLANG_WARN_ENUM_CONVERSION = YES;
				CLANG_WARN_INFINITE_RECURSION = YES;
				CLANG_WARN_INT_CONVERSION = YES;
				CLANG_WARN_NON_LITERAL_NULL_CONVERSION = YES;
				CLANG_WARN_OBJC_IMPLICIT_RETAIN_SELF = YES;
				CLANG_WARN_OBJC_LITERAL_CONVERSION = YES;
				CLANG_WARN_OBJC_ROOT_CLASS = YES_ERROR;
				CLANG_WARN_QUOTED_INCLUDE_IN_FRAMEWORK_HEADER = YES;
				CLANG_WARN_RANGE_LOOP_ANALYSIS = YES;
				CLANG_WARN_STRICT_PROTOTYPES = YES;
				CLANG_WARN_SUSPICIOUS_MOVE = YES;
				CLANG_WARN_UNGUARDED_AVAILABILITY = YES_AGGRESSIVE;
				CLANG_WARN_UNREACHABLE_CODE = YES;
				CLANG_WARN__DUPLICATE_METHOD_MATCH = YES;
				COPY_PHASE_STRIP = NO;
				DEBUG_INFORMATION_FORMAT = "dwarf-with-dsym";
				ENABLE_NS_ASSERTIONS = NO;
				ENABLE_STRICT_OBJC_MSGSEND = YES;
				GCC_C_LANGUAGE_STANDARD = gnu11;
				GCC_NO_COMMON_BLOCKS = YES;
				GCC_WARN_64_TO_32_BIT_CONVERSION = YES;
				GCC_WARN_ABOUT_RETURN_TYPE = YES_ERROR;
				GCC_WARN_UNDECLARED_SELECTOR = YES;
				GCC_WARN_UNINITIALIZED_AUTOS = YES_AGGRESSIVE;
				GCC_WARN_UNUSED_FUNCTION = YES;
				GCC_WARN_UNUSED_VARIABLE = YES;
				IPHONEOS_DEPLOYMENT_TARGET = 14.4;
				MTL_ENABLE_DEBUG_INFO = NO;
				MTL_FAST_MATH = YES;
				SDKROOT = iphoneos;
				SWIFT_COMPILATION_MODE = wholemodule;
				SWIFT_OPTIMIZATION_LEVEL = "-O";
				VALIDATE_PRODUCT = YES;
			};
			name = Release;
		};
		FA02557725F66BA500AC6671 /* Debug */ = {
			isa = XCBuildConfiguration;
			buildSettings = {
				ASSETCATALOG_COMPILER_APPICON_NAME = AppIcon;
				ASSETCATALOG_COMPILER_GLOBAL_ACCENT_COLOR_NAME = AccentColor;
				CODE_SIGN_STYLE = Automatic;
				INFOPLIST_FILE = "Shopping List Project/Info.plist";
				LD_RUNPATH_SEARCH_PATHS = (
					"$(inherited)",
					"@executable_path/Frameworks",
				);
				PRODUCT_BUNDLE_IDENTIFIER = "com.hamed.Shopping-List-Project";
				PRODUCT_NAME = "$(TARGET_NAME)";
				SWIFT_VERSION = 5.0;
				TARGETED_DEVICE_FAMILY = "1,2";
			};
			name = Debug;
		};
		FA02557825F66BA500AC6671 /* Release */ = {
			isa = XCBuildConfiguration;
			buildSettings = {
				ASSETCATALOG_COMPILER_APPICON_NAME = AppIcon;
				ASSETCATALOG_COMPILER_GLOBAL_ACCENT_COLOR_NAME = AccentColor;
				CODE_SIGN_STYLE = Automatic;
				INFOPLIST_FILE = "Shopping List Project/Info.plist";
				LD_RUNPATH_SEARCH_PATHS = (
					"$(inherited)",
					"@executable_path/Frameworks",
				);
				PRODUCT_BUNDLE_IDENTIFIER = "com.hamed.Shopping-List-Project";
				PRODUCT_NAME = "$(TARGET_NAME)";
				SWIFT_VERSION = 5.0;
				TARGETED_DEVICE_FAMILY = "1,2";
			};
			name = Release;
		};
/* End XCBuildConfiguration section */

/* Begin XCConfigurationList section */
		FA02555D25F66B9E00AC6671 /* Build configuration list for PBXProject "Shopping List Project" */ = {
			isa = XCConfigurationList;
			buildConfigurations = (
				FA02557425F66BA500AC6671 /* Debug */,
				FA02557525F66BA500AC6671 /* Release */,
			);
			defaultConfigurationIsVisible = 0;
			defaultConfigurationName = Release;
		};
		FA02557625F66BA500AC6671 /* Build configuration list for PBXNativeTarget "Shopping List Project" */ = {
			isa = XCConfigurationList;
			buildConfigurations = (
				FA02557725F66BA500AC6671 /* Debug */,
				FA02557825F66BA500AC6671 /* Release */,
			);
			defaultConfigurationIsVisible = 0;
			defaultConfigurationName = Release;
		};
/* End XCConfigurationList section */
	};
	rootObject = FA02555A25F66B9E00AC6671 /* Project object */;
}
